
Microsoft Visual Studio Solution File, Format Version 12.00
# Visual Studio Version 16
VisualStudioVersion = 16.0.29424.173
MinimumVisualStudioVersion = 10.0.40219.1
Project("{FAE04EC0-301F-11D3-BF4B-00C04F79EFBC}") = "LongestCommonSubsequences", "LongestCommonSubsequences\LongestCommonSubsequences.csproj", "{0212734C-3FDA-43DD-8217-4A06E5574C15}"
EndProject
Project("{FAE04EC0-301F-11D3-BF4B-00C04F79EFBC}") = "TestLCS", "TestLCS\TestLCS.csproj", "{8811F81F-2AF6-49EE-9180-FE2D95E5BEFC}"
EndProject
Global
	GlobalSection(SolutionConfigurationPlatforms) = preSolution
		Debug|Any CPU = Debug|Any CPU
		Release|Any CPU = Release|Any CPU
	EndGlobalSection
	GlobalSection(ProjectConfigurationPlatforms) = postSolution
		{0212734C-3FDA-43DD-8217-4A06E5574C15}.Debug|Any CPU.ActiveCfg = Debug|Any CPU
		{0212734C-3FDA-43DD-8217-4A06E5574C15}.Debug|Any CPU.Build.0 = Debug|Any CPU
		{0212734C-3FDA-43DD-8217-4A06E5574C15}.Release|Any CPU.ActiveCfg = Release|Any CPU
		{0212734C-3FDA-43DD-8217-4A06E5574C15}.Release|Any CPU.Build.0 = Release|Any CPU
		{8811F81F-2AF6-49EE-9180-FE2D95E5BEFC}.Debug|Any CPU.ActiveCfg = Debug|Any CPU
		{8811F81F-2AF6-49EE-9180-FE2D95E5BEFC}.Debug|Any CPU.Build.0 = Debug|Any CPU
		{8811F81F-2AF6-49EE-9180-FE2D95E5BEFC}.Release|Any CPU.ActiveCfg = Release|Any CPU
		{8811F81F-2AF6-49EE-9180-FE2D95E5BEFC}.Release|Any CPU.Build.0 = Release|Any CPU
	EndGlobalSection
	GlobalSection(SolutionProperties) = preSolution
		HideSolutionNode = FALSE
	EndGlobalSection
	GlobalSection(ExtensibilityGlobals) = postSolution
		SolutionGuid = {A8ADF7D8-1661-4323-8ECC-25DB25E169B6}
	EndGlobalSection
EndGlobal
